// !$*UTF8*$!
{
	archiveVersion = 1;
	classes = {
	};
	objectVersion = 55;
	objects = {

/* Begin PBXBuildFile section */
		2F8B5E6227C318CF00A0A5E4 /* VGTrackApp.swift in Sources */ = {isa = PBXBuildFile; fileRef = 2F8B5E6127C318CF00A0A5E4 /* VGTrackApp.swift */; };
		2F8B5E6427C318CF00A0A5E4 /* ContentView.swift in Sources */ = {isa = PBXBuildFile; fileRef = 2F8B5E6327C318CF00A0A5E4 /* ContentView.swift */; };
		2F8B5E6627C318D200A0A5E4 /* Assets.xcassets in Resources */ = {isa = PBXBuildFile; fileRef = 2F8B5E6527C318D200A0A5E4 /* Assets.xcassets */; };
		2F8B5E6927C318D200A0A5E4 /* Preview Assets.xcassets in Resources */ = {isa = PBXBuildFile; fileRef = 2F8B5E6827C318D200A0A5E4 /* Preview Assets.xcassets */; };
		2F8B5E7327C318D200A0A5E4 /* VGTrackTests.swift in Sources */ = {isa = PBXBuildFile; fileRef = 2F8B5E7227C318D200A0A5E4 /* VGTrackTests.swift */; };
		2F8B5E7D27C318D300A0A5E4 /* VGTrackUITests.swift in Sources */ = {isa = PBXBuildFile; fileRef = 2F8B5E7C27C318D300A0A5E4 /* VGTrackUITests.swift */; };
		2F8B5E7F27C318D300A0A5E4 /* VGTrackUITestsLaunchTests.swift in Sources */ = {isa = PBXBuildFile; fileRef = 2F8B5E7E27C318D300A0A5E4 /* VGTrackUITestsLaunchTests.swift */; };
/* End PBXBuildFile section */

/* Begin PBXContainerItemProxy section */
		2F8B5E6F27C318D200A0A5E4 /* PBXContainerItemProxy */ = {
			isa = PBXContainerItemProxy;
			containerPortal = 2F8B5E5627C318CF00A0A5E4 /* Project object */;
			proxyType = 1;
			remoteGlobalIDString = 2F8B5E5D27C318CF00A0A5E4;
			remoteInfo = VGTrack;
		};
		2F8B5E7927C318D300A0A5E4 /* PBXContainerItemProxy */ = {
			isa = PBXContainerItemProxy;
			containerPortal = 2F8B5E5627C318CF00A0A5E4 /* Project object */;
			proxyType = 1;
			remoteGlobalIDString = 2F8B5E5D27C318CF00A0A5E4;
			remoteInfo = VGTrack;
		};
/* End PBXContainerItemProxy section */

/* Begin PBXFileReference section */
		2F8B5E5E27C318CF00A0A5E4 /* VGTrack.app */ = {isa = PBXFileReference; explicitFileType = wrapper.application; includeInIndex = 0; path = VGTrack.app; sourceTree = BUILT_PRODUCTS_DIR; };
		2F8B5E6127C318CF00A0A5E4 /* VGTrackApp.swift */ = {isa = PBXFileReference; lastKnownFileType = sourcecode.swift; path = VGTrackApp.swift; sourceTree = "<group>"; };
		2F8B5E6327C318CF00A0A5E4 /* ContentView.swift */ = {isa = PBXFileReference; lastKnownFileType = sourcecode.swift; path = ContentView.swift; sourceTree = "<group>"; };
		2F8B5E6527C318D200A0A5E4 /* Assets.xcassets */ = {isa = PBXFileReference; lastKnownFileType = folder.assetcatalog; path = Assets.xcassets; sourceTree = "<group>"; };
		2F8B5E6827C318D200A0A5E4 /* Preview Assets.xcassets */ = {isa = PBXFileReference; lastKnownFileType = folder.assetcatalog; path = "Preview Assets.xcassets"; sourceTree = "<group>"; };
		2F8B5E6E27C318D200A0A5E4 /* VGTrackTests.xctest */ = {isa = PBXFileReference; explicitFileType = wrapper.cfbundle; includeInIndex = 0; path = VGTrackTests.xctest; sourceTree = BUILT_PRODUCTS_DIR; };
		2F8B5E7227C318D200A0A5E4 /* VGTrackTests.swift */ = {isa = PBXFileReference; lastKnownFileType = sourcecode.swift; path = VGTrackTests.swift; sourceTree = "<group>"; };
		2F8B5E7827C318D300A0A5E4 /* VGTrackUITests.xctest */ = {isa = PBXFileReference; explicitFileType = wrapper.cfbundle; includeInIndex = 0; path = VGTrackUITests.xctest; sourceTree = BUILT_PRODUCTS_DIR; };
		2F8B5E7C27C318D300A0A5E4 /* VGTrackUITests.swift */ = {isa = PBXFileReference; lastKnownFileType = sourcecode.swift; path = VGTrackUITests.swift; sourceTree = "<group>"; };
		2F8B5E7E27C318D300A0A5E4 /* VGTrackUITestsLaunchTests.swift */ = {isa = PBXFileReference; lastKnownFileType = sourcecode.swift; path = VGTrackUITestsLaunchTests.swift; sourceTree = "<group>"; };
/* End PBXFileReference section */

/* Begin PBXFrameworksBuildPhase section */
		2F8B5E5B27C318CF00A0A5E4 /* Frameworks */ = {
			isa = PBXFrameworksBuildPhase;
			buildActionMask = 2147483647;
			files = (
			);
			runOnlyForDeploymentPostprocessing = 0;
		};
		2F8B5E6B27C318D200A0A5E4 /* Frameworks */ = {
			isa = PBXFrameworksBuildPhase;
			buildActionMask = 2147483647;
			files = (
			);
			runOnlyForDeploymentPostprocessing = 0;
		};
		2F8B5E7527C318D300A0A5E4 /* Frameworks */ = {
			isa = PBXFrameworksBuildPhase;
			buildActionMask = 2147483647;
			files = (
			);
			runOnlyForDeploymentPostprocessing = 0;
		};
/* End PBXFrameworksBuildPhase section */

/* Begin PBXGroup section */
		2F8B5E5527C318CF00A0A5E4 = {
			isa = PBXGroup;
			children = (
				2F8B5E6027C318CF00A0A5E4 /* VGTrack */,
				2F8B5E7127C318D200A0A5E4 /* VGTrackTests */,
				2F8B5E7B27C318D300A0A5E4 /* VGTrackUITests */,
				2F8B5E5F27C318CF00A0A5E4 /* Products */,
			);
			sourceTree = "<group>";
		};
		2F8B5E5F27C318CF00A0A5E4 /* Products */ = {
			isa = PBXGroup;
			children = (
				2F8B5E5E27C318CF00A0A5E4 /* VGTrack.app */,
				2F8B5E6E27C318D200A0A5E4 /* VGTrackTests.xctest */,
				2F8B5E7827C318D300A0A5E4 /* VGTrackUITests.xctest */,
			);
			name = Products;
			sourceTree = "<group>";
		};
		2F8B5E6027C318CF00A0A5E4 /* VGTrack */ = {
			isa = PBXGroup;
			children = (
				2F8B5E6127C318CF00A0A5E4 /* VGTrackApp.swift */,
				2F8B5E6327C318CF00A0A5E4 /* ContentView.swift */,
				2F8B5E6527C318D200A0A5E4 /* Assets.xcassets */,
				2F8B5E6727C318D200A0A5E4 /* Preview Content */,
			);
			path = VGTrack;
			sourceTree = "<group>";
		};
		2F8B5E6727C318D200A0A5E4 /* Preview Content */ = {
			isa = PBXGroup;
			children = (
				2F8B5E6827C318D200A0A5E4 /* Preview Assets.xcassets */,
			);
			path = "Preview Content";
			sourceTree = "<group>";
		};
		2F8B5E7127C318D200A0A5E4 /* VGTrackTests */ = {
			isa = PBXGroup;
			children = (
				2F8B5E7227C318D200A0A5E4 /* VGTrackTests.swift */,
			);
			path = VGTrackTests;
			sourceTree = "<group>";
		};
		2F8B5E7B27C318D300A0A5E4 /* VGTrackUITests */ = {
			isa = PBXGroup;
			children = (
				2F8B5E7C27C318D300A0A5E4 /* VGTrackUITests.swift */,
				2F8B5E7E27C318D300A0A5E4 /* VGTrackUITestsLaunchTests.swift */,
			);
			path = VGTrackUITests;
			sourceTree = "<group>";
		};
/* End PBXGroup section */

/* Begin PBXNativeTarget section */
		2F8B5E5D27C318CF00A0A5E4 /* VGTrack */ = {
			isa = PBXNativeTarget;
			buildConfigurationList = 2F8B5E8227C318D300A0A5E4 /* Build configuration list for PBXNativeTarget "VGTrack" */;
			buildPhases = (
				2F8B5E5A27C318CF00A0A5E4 /* Sources */,
				2F8B5E5B27C318CF00A0A5E4 /* Frameworks */,
				2F8B5E5C27C318CF00A0A5E4 /* Resources */,
			);
			buildRules = (
			);
			dependencies = (
			);
			name = VGTrack;
			productName = VGTrack;
			productReference = 2F8B5E5E27C318CF00A0A5E4 /* VGTrack.app */;
			productType = "com.apple.product-type.application";
		};
		2F8B5E6D27C318D200A0A5E4 /* VGTrackTests */ = {
			isa = PBXNativeTarget;
			buildConfigurationList = 2F8B5E8527C318D300A0A5E4 /* Build configuration list for PBXNativeTarget "VGTrackTests" */;
			buildPhases = (
				2F8B5E6A27C318D200A0A5E4 /* Sources */,
				2F8B5E6B27C318D200A0A5E4 /* Frameworks */,
				2F8B5E6C27C318D200A0A5E4 /* Resources */,
			);
			buildRules = (
			);
			dependencies = (
				2F8B5E7027C318D200A0A5E4 /* PBXTargetDependency */,
			);
			name = VGTrackTests;
			productName = VGTrackTests;
			productReference = 2F8B5E6E27C318D200A0A5E4 /* VGTrackTests.xctest */;
			productType = "com.apple.product-type.bundle.unit-test";
		};
		2F8B5E7727C318D300A0A5E4 /* VGTrackUITests */ = {
			isa = PBXNativeTarget;
			buildConfigurationList = 2F8B5E8827C318D300A0A5E4 /* Build configuration list for PBXNativeTarget "VGTrackUITests" */;
			buildPhases = (
				2F8B5E7427C318D300A0A5E4 /* Sources */,
				2F8B5E7527C318D300A0A5E4 /* Frameworks */,
				2F8B5E7627C318D300A0A5E4 /* Resources */,
			);
			buildRules = (
			);
			dependencies = (
				2F8B5E7A27C318D300A0A5E4 /* PBXTargetDependency */,
			);
			name = VGTrackUITests;
			productName = VGTrackUITests;
			productReference = 2F8B5E7827C318D300A0A5E4 /* VGTrackUITests.xctest */;
			productType = "com.apple.product-type.bundle.ui-testing";
		};
/* End PBXNativeTarget section */

/* Begin PBXProject section */
		2F8B5E5627C318CF00A0A5E4 /* Project object */ = {
			isa = PBXProject;
			attributes = {
				BuildIndependentTargetsInParallel = 1;
				LastSwiftUpdateCheck = 1320;
				LastUpgradeCheck = 1320;
				TargetAttributes = {
					2F8B5E5D27C318CF00A0A5E4 = {
						CreatedOnToolsVersion = 13.2.1;
					};
					2F8B5E6D27C318D200A0A5E4 = {
						CreatedOnToolsVersion = 13.2.1;
						TestTargetID = 2F8B5E5D27C318CF00A0A5E4;
					};
					2F8B5E7727C318D300A0A5E4 = {
						CreatedOnToolsVersion = 13.2.1;
						TestTargetID = 2F8B5E5D27C318CF00A0A5E4;
					};
				};
			};
			buildConfigurationList = 2F8B5E5927C318CF00A0A5E4 /* Build configuration list for PBXProject "VGTrack" */;
			compatibilityVersion = "Xcode 13.0";
			developmentRegion = en;
			hasScannedForEncodings = 0;
			knownRegions = (
				en,
				Base,
			);
			mainGroup = 2F8B5E5527C318CF00A0A5E4;
			productRefGroup = 2F8B5E5F27C318CF00A0A5E4 /* Products */;
			projectDirPath = "";
			projectRoot = "";
			targets = (
				2F8B5E5D27C318CF00A0A5E4 /* VGTrack */,
				2F8B5E6D27C318D200A0A5E4 /* VGTrackTests */,
				2F8B5E7727C318D300A0A5E4 /* VGTrackUITests */,
			);
		};
/* End PBXProject section */

/* Begin PBXResourcesBuildPhase section */
		2F8B5E5C27C318CF00A0A5E4 /* Resources */ = {
			isa = PBXResourcesBuildPhase;
			buildActionMask = 2147483647;
			files = (
				2F8B5E6927C318D200A0A5E4 /* Preview Assets.xcassets in Resources */,
				2F8B5E6627C318D200A0A5E4 /* Assets.xcassets in Resources */,
			);
			runOnlyForDeploymentPostprocessing = 0;
		};
		2F8B5E6C27C318D200A0A5E4 /* Resources */ = {
			isa = PBXResourcesBuildPhase;
			buildActionMask = 2147483647;
			files = (
			);
			runOnlyForDeploymentPostprocessing = 0;
		};
		2F8B5E7627C318D300A0A5E4 /* Resources */ = {
			isa = PBXResourcesBuildPhase;
			buildActionMask = 2147483647;
			files = (
			);
			runOnlyForDeploymentPostprocessing = 0;
		};
/* End PBXResourcesBuildPhase section */

/* Begin PBXSourcesBuildPhase section */
		2F8B5E5A27C318CF00A0A5E4 /* Sources */ = {
			isa = PBXSourcesBuildPhase;
			buildActionMask = 2147483647;
			files = (
				2F8B5E6427C318CF00A0A5E4 /* ContentView.swift in Sources */,
				2F8B5E6227C318CF00A0A5E4 /* VGTrackApp.swift in Sources */,
			);
			runOnlyForDeploymentPostprocessing = 0;
		};
		2F8B5E6A27C318D200A0A5E4 /* Sources */ = {
			isa = PBXSourcesBuildPhase;
			buildActionMask = 2147483647;
			files = (
				2F8B5E7327C318D200A0A5E4 /* VGTrackTests.swift in Sources */,
			);
			runOnlyForDeploymentPostprocessing = 0;
		};
		2F8B5E7427C318D300A0A5E4 /* Sources */ = {
			isa = PBXSourcesBuildPhase;
			buildActionMask = 2147483647;
			files = (
				2F8B5E7D27C318D300A0A5E4 /* VGTrackUITests.swift in Sources */,
				2F8B5E7F27C318D300A0A5E4 /* VGTrackUITestsLaunchTests.swift in Sources */,
			);
			runOnlyForDeploymentPostprocessing = 0;
		};
/* End PBXSourcesBuildPhase section */

/* Begin PBXTargetDependency section */
		2F8B5E7027C318D200A0A5E4 /* PBXTargetDependency */ = {
			isa = PBXTargetDependency;
			target = 2F8B5E5D27C318CF00A0A5E4 /* VGTrack */;
			targetProxy = 2F8B5E6F27C318D200A0A5E4 /* PBXContainerItemProxy */;
		};
		2F8B5E7A27C318D300A0A5E4 /* PBXTargetDependency */ = {
			isa = PBXTargetDependency;
			target = 2F8B5E5D27C318CF00A0A5E4 /* VGTrack */;
			targetProxy = 2F8B5E7927C318D300A0A5E4 /* PBXContainerItemProxy */;
		};
/* End PBXTargetDependency section */

/* Begin XCBuildConfiguration section */
		2F8B5E8027C318D300A0A5E4 /* Debug */ = {
			isa = XCBuildConfiguration;
			buildSettings = {
				ALWAYS_SEARCH_USER_PATHS = NO;
				CLANG_ANALYZER_NONNULL = YES;
				CLANG_ANALYZER_NUMBER_OBJECT_CONVERSION = YES_AGGRESSIVE;
				CLANG_CXX_LANGUAGE_STANDARD = "gnu++17";
				CLANG_CXX_LIBRARY = "libc++";
				CLANG_ENABLE_MODULES = YES;
				CLANG_ENABLE_OBJC_ARC = YES;
				CLANG_ENABLE_OBJC_WEAK = YES;
				CLANG_WARN_BLOCK_CAPTURE_AUTORELEASING = YES;
				CLANG_WARN_BOOL_CONVERSION = YES;
				CLANG_WARN_COMMA = YES;
				CLANG_WARN_CONSTANT_CONVERSION = YES;
				CLANG_WARN_DEPRECATED_OBJC_IMPLEMENTATIONS = YES;
				CLANG_WARN_DIRECT_OBJC_ISA_USAGE = YES_ERROR;
				CLANG_WARN_DOCUMENTATION_COMMENTS = YES;
				CLANG_WARN_EMPTY_BODY = YES;
				CLANG_WARN_ENUM_CONVERSION = YES;
				CLANG_WARN_INFINITE_RECURSION = YES;
				CLANG_WARN_INT_CONVERSION = YES;
				CLANG_WARN_NON_LITERAL_NULL_CONVERSION = YES;
				CLANG_WARN_OBJC_IMPLICIT_RETAIN_SELF = YES;
				CLANG_WARN_OBJC_LITERAL_CONVERSION = YES;
				CLANG_WARN_OBJC_ROOT_CLASS = YES_ERROR;
				CLANG_WARN_QUOTED_INCLUDE_IN_FRAMEWORK_HEADER = YES;
				CLANG_WARN_RANGE_LOOP_ANALYSIS = YES;
				CLANG_WARN_STRICT_PROTOTYPES = YES;
				CLANG_WARN_SUSPICIOUS_MOVE = YES;
				CLANG_WARN_UNGUARDED_AVAILABILITY = YES_AGGRESSIVE;
				CLANG_WARN_UNREACHABLE_CODE = YES;
				CLANG_WARN__DUPLICATE_METHOD_MATCH = YES;
				COPY_PHASE_STRIP = NO;
				DEBUG_INFORMATION_FORMAT = dwarf;
				ENABLE_STRICT_OBJC_MSGSEND = YES;
				ENABLE_TESTABILITY = YES;
				GCC_C_LANGUAGE_STANDARD = gnu11;
				GCC_DYNAMIC_NO_PIC = NO;
				GCC_NO_COMMON_BLOCKS = YES;
				GCC_OPTIMIZATION_LEVEL = 0;
				GCC_PREPROCESSOR_DEFINITIONS = (
					"DEBUG=1",
					"$(inherited)",
				);
				GCC_WARN_64_TO_32_BIT_CONVERSION = YES;
				GCC_WARN_ABOUT_RETURN_TYPE = YES_ERROR;
				GCC_WARN_UNDECLARED_SELECTOR = YES;
				GCC_WARN_UNINITIALIZED_AUTOS = YES_AGGRESSIVE;
				GCC_WARN_UNUSED_FUNCTION = YES;
				GCC_WARN_UNUSED_VARIABLE = YES;
				IPHONEOS_DEPLOYMENT_TARGET = 15.2;
				MTL_ENABLE_DEBUG_INFO = INCLUDE_SOURCE;
				MTL_FAST_MATH = YES;
				ONLY_ACTIVE_ARCH = YES;
				SDKROOT = iphoneos;
				SWIFT_ACTIVE_COMPILATION_CONDITIONS = DEBUG;
				SWIFT_OPTIMIZATION_LEVEL = "-Onone";
			};
			name = Debug;
		};
		2F8B5E8127C318D300A0A5E4 /* Release */ = {
			isa = XCBuildConfiguration;
			buildSettings = {
				ALWAYS_SEARCH_USER_PATHS = NO;
				CLANG_ANALYZER_NONNULL = YES;
				CLANG_ANALYZER_NUMBER_OBJECT_CONVERSION = YES_AGGRESSIVE;
				CLANG_CXX_LANGUAGE_STANDARD = "gnu++17";
				CLANG_CXX_LIBRARY = "libc++";
				CLANG_ENABLE_MODULES = YES;
				CLANG_ENABLE_OBJC_ARC = YES;
				CLANG_ENABLE_OBJC_WEAK = YES;
				CLANG_WARN_BLOCK_CAPTURE_AUTORELEASING = YES;
				CLANG_WARN_BOOL_CONVERSION = YES;
				CLANG_WARN_COMMA = YES;
				CLANG_WARN_CONSTANT_CONVERSION = YES;
				CLANG_WARN_DEPRECATED_OBJC_IMPLEMENTATIONS = YES;
				CLANG_WARN_DIRECT_OBJC_ISA_USAGE = YES_ERROR;
				CLANG_WARN_DOCUMENTATION_COMMENTS = YES;
				CLANG_WARN_EMPTY_BODY = YES;
				CLANG_WARN_ENUM_CONVERSION = YES;
				CLANG_WARN_INFINITE_RECURSION = YES;
				CLANG_WARN_INT_CONVERSION = YES;
				CLANG_WARN_NON_LITERAL_NULL_CONVERSION = YES;
				CLANG_WARN_OBJC_IMPLICIT_RETAIN_SELF = YES;
				CLANG_WARN_OBJC_LITERAL_CONVERSION = YES;
				CLANG_WARN_OBJC_ROOT_CLASS = YES_ERROR;
				CLANG_WARN_QUOTED_INCLUDE_IN_FRAMEWORK_HEADER = YES;
				CLANG_WARN_RANGE_LOOP_ANALYSIS = YES;
				CLANG_WARN_STRICT_PROTOTYPES = YES;
				CLANG_WARN_SUSPICIOUS_MOVE = YES;
				CLANG_WARN_UNGUARDED_AVAILABILITY = YES_AGGRESSIVE;
				CLANG_WARN_UNREACHABLE_CODE = YES;
				CLANG_WARN__DUPLICATE_METHOD_MATCH = YES;
				COPY_PHASE_STRIP = NO;
				DEBUG_INFORMATION_FORMAT = "dwarf-with-dsym";
				ENABLE_NS_ASSERTIONS = NO;
				ENABLE_STRICT_OBJC_MSGSEND = YES;
				GCC_C_LANGUAGE_STANDARD = gnu11;
				GCC_NO_COMMON_BLOCKS = YES;
				GCC_WARN_64_TO_32_BIT_CONVERSION = YES;
				GCC_WARN_ABOUT_RETURN_TYPE = YES_ERROR;
				GCC_WARN_UNDECLARED_SELECTOR = YES;
				GCC_WARN_UNINITIALIZED_AUTOS = YES_AGGRESSIVE;
				GCC_WARN_UNUSED_FUNCTION = YES;
				GCC_WARN_UNUSED_VARIABLE = YES;
				IPHONEOS_DEPLOYMENT_TARGET = 15.2;
				MTL_ENABLE_DEBUG_INFO = NO;
				MTL_FAST_MATH = YES;
				SDKROOT = iphoneos;
				SWIFT_COMPILATION_MODE = wholemodule;
				SWIFT_OPTIMIZATION_LEVEL = "-O";
				VALIDATE_PRODUCT = YES;
			};
			name = Release;
		};
		2F8B5E8327C318D300A0A5E4 /* Debug */ = {
			isa = XCBuildConfiguration;
			buildSettings = {
				ASSETCATALOG_COMPILER_APPICON_NAME = AppIcon;
				ASSETCATALOG_COMPILER_GLOBAL_ACCENT_COLOR_NAME = AccentColor;
				CODE_SIGN_STYLE = Automatic;
				CURRENT_PROJECT_VERSION = 1;
				DEVELOPMENT_ASSET_PATHS = "\"VGTrack/Preview Content\"";
				DEVELOPMENT_TEAM = Z47WFR3TL4;
				ENABLE_PREVIEWS = YES;
				GENERATE_INFOPLIST_FILE = YES;
				INFOPLIST_KEY_UIApplicationSceneManifest_Generation = YES;
				INFOPLIST_KEY_UIApplicationSupportsIndirectInputEvents = YES;
				INFOPLIST_KEY_UILaunchScreen_Generation = YES;
				INFOPLIST_KEY_UISupportedInterfaceOrientations_iPad = "UIInterfaceOrientationPortrait UIInterfaceOrientationPortraitUpsideDown UIInterfaceOrientationLandscapeLeft UIInterfaceOrientationLandscapeRight";
				INFOPLIST_KEY_UISupportedInterfaceOrientations_iPhone = "UIInterfaceOrientationPortrait UIInterfaceOrientationLandscapeLeft UIInterfaceOrientationLandscapeRight";
				LD_RUNPATH_SEARCH_PATHS = (
					"$(inherited)",
					"@executable_path/Frameworks",
				);
				MARKETING_VERSION = 1.0;
				PRODUCT_BUNDLE_IDENTIFIER = com.matheusholanda.VGTrack;
				PRODUCT_NAME = "$(TARGET_NAME)";
				SWIFT_EMIT_LOC_STRINGS = YES;
				SWIFT_VERSION = 5.0;
				TARGETED_DEVICE_FAMILY = "1,2";
			};
			name = Debug;
		};
		2F8B5E8427C318D300A0A5E4 /* Release */ = {
			isa = XCBuildConfiguration;
			buildSettings = {
				ASSETCATALOG_COMPILER_APPICON_NAME = AppIcon;
				ASSETCATALOG_COMPILER_GLOBAL_ACCENT_COLOR_NAME = AccentColor;
				CODE_SIGN_STYLE = Automatic;
				CURRENT_PROJECT_VERSION = 1;
				DEVELOPMENT_ASSET_PATHS = "\"VGTrack/Preview Content\"";
				DEVELOPMENT_TEAM = Z47WFR3TL4;
				ENABLE_PREVIEWS = YES;
				GENERATE_INFOPLIST_FILE = YES;
				INFOPLIST_KEY_UIApplicationSceneManifest_Generation = YES;
				INFOPLIST_KEY_UIApplicationSupportsIndirectInputEvents = YES;
				INFOPLIST_KEY_UILaunchScreen_Generation = YES;
				INFOPLIST_KEY_UISupportedInterfaceOrientations_iPad = "UIInterfaceOrientationPortrait UIInterfaceOrientationPortraitUpsideDown UIInterfaceOrientationLandscapeLeft UIInterfaceOrientationLandscapeRight";
				INFOPLIST_KEY_UISupportedInterfaceOrientations_iPhone = "UIInterfaceOrientationPortrait UIInterfaceOrientationLandscapeLeft UIInterfaceOrientationLandscapeRight";
				LD_RUNPATH_SEARCH_PATHS = (
					"$(inherited)",
					"@executable_path/Frameworks",
				);
				MARKETING_VERSION = 1.0;
				PRODUCT_BUNDLE_IDENTIFIER = com.matheusholanda.VGTrack;
				PRODUCT_NAME = "$(TARGET_NAME)";
				SWIFT_EMIT_LOC_STRINGS = YES;
				SWIFT_VERSION = 5.0;
				TARGETED_DEVICE_FAMILY = "1,2";
			};
			name = Release;
		};
		2F8B5E8627C318D300A0A5E4 /* Debug */ = {
			isa = XCBuildConfiguration;
			buildSettings = {
				ALWAYS_EMBED_SWIFT_STANDARD_LIBRARIES = YES;
				BUNDLE_LOADER = "$(TEST_HOST)";
				CODE_SIGN_STYLE = Automatic;
				CURRENT_PROJECT_VERSION = 1;
				DEVELOPMENT_TEAM = Z47WFR3TL4;
				GENERATE_INFOPLIST_FILE = YES;
				IPHONEOS_DEPLOYMENT_TARGET = 15.2;
				MARKETING_VERSION = 1.0;
				PRODUCT_BUNDLE_IDENTIFIER = com.matheusholanda.VGTrackTests;
				PRODUCT_NAME = "$(TARGET_NAME)";
				SWIFT_EMIT_LOC_STRINGS = NO;
				SWIFT_VERSION = 5.0;
				TARGETED_DEVICE_FAMILY = "1,2";
				TEST_HOST = "$(BUILT_PRODUCTS_DIR)/VGTrack.app/VGTrack";
			};
			name = Debug;
		};
		2F8B5E8727C318D300A0A5E4 /* Release */ = {
			isa = XCBuildConfiguration;
			buildSettings = {
				ALWAYS_EMBED_SWIFT_STANDARD_LIBRARIES = YES;
				BUNDLE_LOADER = "$(TEST_HOST)";
				CODE_SIGN_STYLE = Automatic;
				CURRENT_PROJECT_VERSION = 1;
				DEVELOPMENT_TEAM = Z47WFR3TL4;
				GENERATE_INFOPLIST_FILE = YES;
				IPHONEOS_DEPLOYMENT_TARGET = 15.2;
				MARKETING_VERSION = 1.0;
				PRODUCT_BUNDLE_IDENTIFIER = com.matheusholanda.VGTrackTests;
				PRODUCT_NAME = "$(TARGET_NAME)";
				SWIFT_EMIT_LOC_STRINGS = NO;
				SWIFT_VERSION = 5.0;
				TARGETED_DEVICE_FAMILY = "1,2";
				TEST_HOST = "$(BUILT_PRODUCTS_DIR)/VGTrack.app/VGTrack";
			};
			name = Release;
		};
		2F8B5E8927C318D300A0A5E4 /* Debug */ = {
			isa = XCBuildConfiguration;
			buildSettings = {
				ALWAYS_EMBED_SWIFT_STANDARD_LIBRARIES = YES;
				CODE_SIGN_STYLE = Automatic;
				CURRENT_PROJECT_VERSION = 1;
				DEVELOPMENT_TEAM = Z47WFR3TL4;
				GENERATE_INFOPLIST_FILE = YES;
				MARKETING_VERSION = 1.0;
				PRODUCT_BUNDLE_IDENTIFIER = com.matheusholanda.VGTrackUITests;
				PRODUCT_NAME = "$(TARGET_NAME)";
				SWIFT_EMIT_LOC_STRINGS = NO;
				SWIFT_VERSION = 5.0;
				TARGETED_DEVICE_FAMILY = "1,2";
				TEST_TARGET_NAME = VGTrack;
			};
			name = Debug;
		};
		2F8B5E8A27C318D300A0A5E4 /* Release */ = {
			isa = XCBuildConfiguration;
			buildSettings = {
				ALWAYS_EMBED_SWIFT_STANDARD_LIBRARIES = YES;
				CODE_SIGN_STYLE = Automatic;
				CURRENT_PROJECT_VERSION = 1;
				DEVELOPMENT_TEAM = Z47WFR3TL4;
				GENERATE_INFOPLIST_FILE = YES;
				MARKETING_VERSION = 1.0;
				PRODUCT_BUNDLE_IDENTIFIER = com.matheusholanda.VGTrackUITests;
				PRODUCT_NAME = "$(TARGET_NAME)";
				SWIFT_EMIT_LOC_STRINGS = NO;
				SWIFT_VERSION = 5.0;
				TARGETED_DEVICE_FAMILY = "1,2";
				TEST_TARGET_NAME = VGTrack;
			};
			name = Release;
		};
/* End XCBuildConfiguration section */

/* Begin XCConfigurationList section */
		2F8B5E5927C318CF00A0A5E4 /* Build configuration list for PBXProject "VGTrack" */ = {
			isa = XCConfigurationList;
			buildConfigurations = (
				2F8B5E8027C318D300A0A5E4 /* Debug */,
				2F8B5E8127C318D300A0A5E4 /* Release */,
			);
			defaultConfigurationIsVisible = 0;
			defaultConfigurationName = Release;
		};
		2F8B5E8227C318D300A0A5E4 /* Build configuration list for PBXNativeTarget "VGTrack" */ = {
			isa = XCConfigurationList;
			buildConfigurations = (
				2F8B5E8327C318D300A0A5E4 /* Debug */,
				2F8B5E8427C318D300A0A5E4 /* Release */,
			);
			defaultConfigurationIsVisible = 0;
			defaultConfigurationName = Release;
		};
		2F8B5E8527C318D300A0A5E4 /* Build configuration list for PBXNativeTarget "VGTrackTests" */ = {
			isa = XCConfigurationList;
			buildConfigurations = (
				2F8B5E8627C318D300A0A5E4 /* Debug */,
				2F8B5E8727C318D300A0A5E4 /* Release */,
			);
			defaultConfigurationIsVisible = 0;
			defaultConfigurationName = Release;
		};
		2F8B5E8827C318D300A0A5E4 /* Build configuration list for PBXNativeTarget "VGTrackUITests" */ = {
			isa = XCConfigurationList;
			buildConfigurations = (
				2F8B5E8927C318D300A0A5E4 /* Debug */,
				2F8B5E8A27C318D300A0A5E4 /* Release */,
			);
			defaultConfigurationIsVisible = 0;
			defaultConfigurationName = Release;
		};
/* End XCConfigurationList section */
	};
	rootObject = 2F8B5E5627C318CF00A0A5E4 /* Project object */;
}
